
Microsoft Visual Studio Solution File, Format Version 12.00
# Visual Studio Version 17
VisualStudioVersion = 17.7.34031.279
MinimumVisualStudioVersion = 10.0.40219.1
Project("{FAE04EC0-301F-11D3-BF4B-00C04F79EFBC}") = "Lab2B", "Lab2B\Lab2B.csproj", "{5CE4E66B-407E-4FDC-A339-E34859081252}"
EndProject
Project("{8BC9CEB8-8B4A-11D0-8D11-00A0C91BC942}") = "firstcpp", "..\..\..\C++\firstcpp\firstcpp.vcxproj", "{F7AFFB7C-5264-4CCC-B199-548DC1545E31}"
EndProject
Global
	GlobalSection(SolutionConfigurationPlatforms) = preSolution
		Debug|Any CPU = Debug|Any CPU
		Debug|x64 = Debug|x64
		Debug|x86 = Debug|x86
		Release|Any CPU = Release|Any CPU
		Release|x64 = Release|x64
		Release|x86 = Release|x86
	EndGlobalSection
	GlobalSection(ProjectConfigurationPlatforms) = postSolution
		{5CE4E66B-407E-4FDC-A339-E34859081252}.Debug|Any CPU.ActiveCfg = Debug|Any CPU
		{5CE4E66B-407E-4FDC-A339-E34859081252}.Debug|Any CPU.Build.0 = Debug|Any CPU
		{5CE4E66B-407E-4FDC-A339-E34859081252}.Debug|x64.ActiveCfg = Debug|Any CPU
		{5CE4E66B-407E-4FDC-A339-E34859081252}.Debug|x64.Build.0 = Debug|Any CPU
		{5CE4E66B-407E-4FDC-A339-E34859081252}.Debug|x86.ActiveCfg = Debug|Any CPU
		{5CE4E66B-407E-4FDC-A339-E34859081252}.Debug|x86.Build.0 = Debug|Any CPU
		{5CE4E66B-407E-4FDC-A339-E34859081252}.Release|Any CPU.ActiveCfg = Release|Any CPU
		{5CE4E66B-407E-4FDC-A339-E34859081252}.Release|Any CPU.Build.0 = Release|Any CPU
		{5CE4E66B-407E-4FDC-A339-E34859081252}.Release|x64.ActiveCfg = Release|Any CPU
		{5CE4E66B-407E-4FDC-A339-E34859081252}.Release|x64.Build.0 = Release|Any CPU
		{5CE4E66B-407E-4FDC-A339-E34859081252}.Release|x86.ActiveCfg = Release|Any CPU
		{5CE4E66B-407E-4FDC-A339-E34859081252}.Release|x86.Build.0 = Release|Any CPU
		{F7AFFB7C-5264-4CCC-B199-548DC1545E31}.Debug|Any CPU.ActiveCfg = Debug|x64
		{F7AFFB7C-5264-4CCC-B199-548DC1545E31}.Debug|Any CPU.Build.0 = Debug|x64
		{F7AFFB7C-5264-4CCC-B199-548DC1545E31}.Debug|x64.ActiveCfg = Debug|x64
		{F7AFFB7C-5264-4CCC-B199-548DC1545E31}.Debug|x64.Build.0 = Debug|x64
		{F7AFFB7C-5264-4CCC-B199-548DC1545E31}.Debug|x86.ActiveCfg = Debug|Win32
		{F7AFFB7C-5264-4CCC-B199-548DC1545E31}.Debug|x86.Build.0 = Debug|Win32
		{F7AFFB7C-5264-4CCC-B199-548DC1545E31}.Release|Any CPU.ActiveCfg = Release|x64
		{F7AFFB7C-5264-4CCC-B199-548DC1545E31}.Release|Any CPU.Build.0 = Release|x64
		{F7AFFB7C-5264-4CCC-B199-548DC1545E31}.Release|x64.ActiveCfg = Release|x64
		{F7AFFB7C-5264-4CCC-B199-548DC1545E31}.Release|x64.Build.0 = Release|x64
		{F7AFFB7C-5264-4CCC-B199-548DC1545E31}.Release|x86.ActiveCfg = Release|Win32
		{F7AFFB7C-5264-4CCC-B199-548DC1545E31}.Release|x86.Build.0 = Release|Win32
	EndGlobalSection
	GlobalSection(SolutionProperties) = preSolution
		HideSolutionNode = FALSE
	EndGlobalSection
	GlobalSection(ExtensibilityGlobals) = postSolution
		SolutionGuid = {9064F81B-21BA-4CDD-A61C-1897F0E765AD}
	EndGlobalSection
EndGlobal
